// !$*UTF8*$!
{
	archiveVersion = 1;
	classes = {
	};
	objectVersion = 60;
	objects = {

/* Begin PBXBuildFile section */
		15D61745C661404443ADCB4F /* OnboardingPageView.swift in Sources */ = {isa = PBXBuildFile; fileRef = 4C328EC667A5C6DDFEC7AD85 /* OnboardingPageView.swift */; };
		200000000000000000000001 /* VictronParser in Frameworks */ = {isa = PBXBuildFile; productRef = 800000000000000000000001 /* VictronParser */; };
		200000000000000000000002 /* StromerScanner in Frameworks */ = {isa = PBXBuildFile; productRef = 800000000000000000000002 /* StromerScanner */; };
		200000000000000000000003 /* StromerScanner in Frameworks */ = {isa = PBXBuildFile; productRef = 800000000000000000000003 /* StromerScanner */; };
		200000000000000000000004 /* StromerApp.swift in Sources */ = {isa = PBXBuildFile; fileRef = 100000000000000000000001 /* StromerApp.swift */; };
		200000000000000000000005 /* ContentView.swift in Sources */ = {isa = PBXBuildFile; fileRef = 100000000000000000000002 /* ContentView.swift */; };
		200000000000000000000006 /* StromerWidgetBundle.swift in Sources */ = {isa = PBXBuildFile; fileRef = 100000000000000000000006 /* StromerWidgetBundle.swift */; };
		200000000000000000000007 /* StromerWidget.swift in Sources */ = {isa = PBXBuildFile; fileRef = 100000000000000000000007 /* StromerWidget.swift */; };
		200000000000000000000008 /* StromerWidgetLiveActivity.swift in Sources */ = {isa = PBXBuildFile; fileRef = 100000000000000000000008 /* StromerWidgetLiveActivity.swift */; };
		200000000000000000000009 /* Assets.xcassets in Resources */ = {isa = PBXBuildFile; fileRef = 100000000000000000000005 /* Assets.xcassets */; };
		20000000000000000000000A /* StromerWidget.appex in Embed Foundation Extensions */ = {isa = PBXBuildFile; fileRef = 10000000000000000000000C /* StromerWidget.appex */; settings = {ATTRIBUTES = (RemoveHeadersOnCopy, ); }; };
		20000000000000000000000B /* RootView.swift in Sources */ = {isa = PBXBuildFile; fileRef = 10000000000000000000000D /* RootView.swift */; };
		20000000000000000000000C /* StromerAppViewModel.swift in Sources */ = {isa = PBXBuildFile; fileRef = 10000000000000000000000E /* StromerAppViewModel.swift */; };
		20000000000000000000000D /* DeviceListView.swift in Sources */ = {isa = PBXBuildFile; fileRef = 10000000000000000000000F /* DeviceListView.swift */; };
		20000000000000000000000E /* DeviceRowView.swift in Sources */ = {isa = PBXBuildFile; fileRef = 100000000000000000000010 /* DeviceRowView.swift */; };
		20000000000000000000000F /* DeviceDetailView.swift in Sources */ = {isa = PBXBuildFile; fileRef = 100000000000000000000011 /* DeviceDetailView.swift */; };
		200000000000000000000010 /* AddDeviceView.swift in Sources */ = {isa = PBXBuildFile; fileRef = 100000000000000000000012 /* AddDeviceView.swift */; };
		200000000000000000000011 /* KeyInputField.swift in Sources */ = {isa = PBXBuildFile; fileRef = 100000000000000000000013 /* KeyInputField.swift */; };
		200000000000000000000012 /* SettingsView.swift in Sources */ = {isa = PBXBuildFile; fileRef = 100000000000000000000014 /* SettingsView.swift */; };
		200000000000000000000013 /* FreshnessBadge.swift in Sources */ = {isa = PBXBuildFile; fileRef = 100000000000000000000015 /* FreshnessBadge.swift */; };
		200000000000000000000014 /* ValueRow.swift in Sources */ = {isa = PBXBuildFile; fileRef = 100000000000000000000016 /* ValueRow.swift */; };
		200000000000000000000015 /* EmptyDeviceListView.swift in Sources */ = {isa = PBXBuildFile; fileRef = 100000000000000000000017 /* EmptyDeviceListView.swift */; };
		200000000000000000000016 /* StromerWidgetConfigurationIntent.swift in Sources */ = {isa = PBXBuildFile; fileRef = 100000000000000000000018 /* StromerWidgetConfigurationIntent.swift */; };
		243F499BED506947D34B2B17 /* OnboardingStateTests.swift in Sources */ = {isa = PBXBuildFile; fileRef = 7DDFB4397D0034784E2DEF1B /* OnboardingStateTests.swift */; };
		A0B6896F2FDAA041290684E0 /* OnboardingState.swift in Sources */ = {isa = PBXBuildFile; fileRef = 671F07405AB4D8828EE7C272 /* OnboardingState.swift */; };
		AAF81BD3B440D4ECEF94F53F /* OnboardingBluetoothPage.swift in Sources */ = {isa = PBXBuildFile; fileRef = 7B9974DAA355C30D4F945EED /* OnboardingBluetoothPage.swift */; };
		BB3C153B8C242DEFA8C726D8 /* OnboardingState.swift in Sources */ = {isa = PBXBuildFile; fileRef = 671F07405AB4D8828EE7C272 /* OnboardingState.swift */; };
		C598E21F6A907BB1A1BEAFFA /* OnboardingKeyGuideView.swift in Sources */ = {isa = PBXBuildFile; fileRef = 32CAF78FFB84109F050334CD /* OnboardingKeyGuideView.swift */; };
		FDA54A3E3832AB816773191E /* OnboardingFlowView.swift in Sources */ = {isa = PBXBuildFile; fileRef = 941D923D1EBAD56298D15DD8 /* OnboardingFlowView.swift */; };
/* End PBXBuildFile section */

/* Begin PBXContainerItemProxy section */
		500000000000000000000002 /* PBXContainerItemProxy */ = {
			isa = PBXContainerItemProxy;
			containerPortal = 000000000000000000000001 /* Project object */;
			proxyType = 1;
			remoteGlobalIDString = 300000000000000000000002;
			remoteInfo = StromerWidget;
		};
/* End PBXContainerItemProxy section */

/* Begin PBXCopyFilesBuildPhase section */
		400000000000000000000004 /* Embed Foundation Extensions */ = {
			isa = PBXCopyFilesBuildPhase;
			buildActionMask = 2147483647;
			dstPath = "";
			dstSubfolderSpec = 13;
			files = (
				20000000000000000000000A /* StromerWidget.appex in Embed Foundation Extensions */,
			);
			name = "Embed Foundation Extensions";
			runOnlyForDeploymentPostprocessing = 0;
		};
/* End PBXCopyFilesBuildPhase section */

/* Begin PBXFileReference section */
		100000000000000000000001 /* StromerApp.swift */ = {isa = PBXFileReference; lastKnownFileType = sourcecode.swift; path = StromerApp.swift; sourceTree = "<group>"; };
		100000000000000000000002 /* ContentView.swift */ = {isa = PBXFileReference; lastKnownFileType = sourcecode.swift; path = ContentView.swift; sourceTree = "<group>"; };
		100000000000000000000003 /* Info.plist */ = {isa = PBXFileReference; lastKnownFileType = text.plist.xml; path = Info.plist; sourceTree = "<group>"; };
		100000000000000000000004 /* Stromer.entitlements */ = {isa = PBXFileReference; lastKnownFileType = text.plist.entitlements; path = Stromer.entitlements; sourceTree = "<group>"; };
		100000000000000000000005 /* Assets.xcassets */ = {isa = PBXFileReference; lastKnownFileType = folder.assetcatalog; path = Assets.xcassets; sourceTree = "<group>"; };
		100000000000000000000006 /* StromerWidgetBundle.swift */ = {isa = PBXFileReference; lastKnownFileType = sourcecode.swift; path = StromerWidgetBundle.swift; sourceTree = "<group>"; };
		100000000000000000000007 /* StromerWidget.swift */ = {isa = PBXFileReference; lastKnownFileType = sourcecode.swift; path = StromerWidget.swift; sourceTree = "<group>"; };
		100000000000000000000008 /* StromerWidgetLiveActivity.swift */ = {isa = PBXFileReference; lastKnownFileType = sourcecode.swift; path = StromerWidgetLiveActivity.swift; sourceTree = "<group>"; };
		100000000000000000000009 /* Info.plist */ = {isa = PBXFileReference; lastKnownFileType = text.plist.xml; path = Info.plist; sourceTree = "<group>"; };
		10000000000000000000000A /* StromerWidget.entitlements */ = {isa = PBXFileReference; lastKnownFileType = text.plist.entitlements; path = StromerWidget.entitlements; sourceTree = "<group>"; };
		10000000000000000000000B /* Stromer.app */ = {isa = PBXFileReference; explicitFileType = wrapper.application; includeInIndex = 0; path = Stromer.app; sourceTree = BUILT_PRODUCTS_DIR; };
		10000000000000000000000C /* StromerWidget.appex */ = {isa = PBXFileReference; explicitFileType = "wrapper.app-extension"; includeInIndex = 0; path = StromerWidget.appex; sourceTree = BUILT_PRODUCTS_DIR; };
		10000000000000000000000D /* RootView.swift */ = {isa = PBXFileReference; lastKnownFileType = sourcecode.swift; path = RootView.swift; sourceTree = "<group>"; };
		10000000000000000000000E /* StromerAppViewModel.swift */ = {isa = PBXFileReference; lastKnownFileType = sourcecode.swift; path = StromerAppViewModel.swift; sourceTree = "<group>"; };
		10000000000000000000000F /* DeviceListView.swift */ = {isa = PBXFileReference; lastKnownFileType = sourcecode.swift; path = DeviceListView.swift; sourceTree = "<group>"; };
		100000000000000000000010 /* DeviceRowView.swift */ = {isa = PBXFileReference; lastKnownFileType = sourcecode.swift; path = DeviceRowView.swift; sourceTree = "<group>"; };
		100000000000000000000011 /* DeviceDetailView.swift */ = {isa = PBXFileReference; lastKnownFileType = sourcecode.swift; path = DeviceDetailView.swift; sourceTree = "<group>"; };
		100000000000000000000012 /* AddDeviceView.swift */ = {isa = PBXFileReference; lastKnownFileType = sourcecode.swift; path = AddDeviceView.swift; sourceTree = "<group>"; };
		100000000000000000000013 /* KeyInputField.swift */ = {isa = PBXFileReference; lastKnownFileType = sourcecode.swift; path = KeyInputField.swift; sourceTree = "<group>"; };
		100000000000000000000014 /* SettingsView.swift */ = {isa = PBXFileReference; lastKnownFileType = sourcecode.swift; path = SettingsView.swift; sourceTree = "<group>"; };
		100000000000000000000015 /* FreshnessBadge.swift */ = {isa = PBXFileReference; lastKnownFileType = sourcecode.swift; path = FreshnessBadge.swift; sourceTree = "<group>"; };
		100000000000000000000016 /* ValueRow.swift */ = {isa = PBXFileReference; lastKnownFileType = sourcecode.swift; path = ValueRow.swift; sourceTree = "<group>"; };
		100000000000000000000017 /* EmptyDeviceListView.swift */ = {isa = PBXFileReference; lastKnownFileType = sourcecode.swift; path = EmptyDeviceListView.swift; sourceTree = "<group>"; };
		100000000000000000000018 /* StromerWidgetConfigurationIntent.swift */ = {isa = PBXFileReference; lastKnownFileType = sourcecode.swift; path = StromerWidgetConfigurationIntent.swift; sourceTree = "<group>"; };
		32CAF78FFB84109F050334CD /* OnboardingKeyGuideView.swift */ = {isa = PBXFileReference; includeInIndex = 1; lastKnownFileType = sourcecode.swift; path = OnboardingKeyGuideView.swift; sourceTree = "<group>"; };
		4C328EC667A5C6DDFEC7AD85 /* OnboardingPageView.swift */ = {isa = PBXFileReference; includeInIndex = 1; lastKnownFileType = sourcecode.swift; path = OnboardingPageView.swift; sourceTree = "<group>"; };
		671F07405AB4D8828EE7C272 /* OnboardingState.swift */ = {isa = PBXFileReference; includeInIndex = 1; lastKnownFileType = sourcecode.swift; path = OnboardingState.swift; sourceTree = "<group>"; };
		7B9974DAA355C30D4F945EED /* OnboardingBluetoothPage.swift */ = {isa = PBXFileReference; includeInIndex = 1; lastKnownFileType = sourcecode.swift; path = OnboardingBluetoothPage.swift; sourceTree = "<group>"; };
		7DDFB4397D0034784E2DEF1B /* OnboardingStateTests.swift */ = {isa = PBXFileReference; includeInIndex = 1; lastKnownFileType = sourcecode.swift; path = OnboardingStateTests.swift; sourceTree = "<group>"; };
		941D923D1EBAD56298D15DD8 /* OnboardingFlowView.swift */ = {isa = PBXFileReference; includeInIndex = 1; lastKnownFileType = sourcecode.swift; path = OnboardingFlowView.swift; sourceTree = "<group>"; };
		969D475A7A6BA8912B29277E /* StromerTests.xctest */ = {isa = PBXFileReference; explicitFileType = wrapper.cfbundle; includeInIndex = 0; path = StromerTests.xctest; sourceTree = BUILT_PRODUCTS_DIR; };
/* End PBXFileReference section */

/* Begin PBXFrameworksBuildPhase section */
		400000000000000000000002 /* Frameworks */ = {
			isa = PBXFrameworksBuildPhase;
			buildActionMask = 2147483647;
			files = (
				200000000000000000000001 /* VictronParser in Frameworks */,
				200000000000000000000002 /* StromerScanner in Frameworks */,
			);
			runOnlyForDeploymentPostprocessing = 0;
		};
		400000000000000000000006 /* Frameworks */ = {
			isa = PBXFrameworksBuildPhase;
			buildActionMask = 2147483647;
			files = (
				200000000000000000000003 /* StromerScanner in Frameworks */,
			);
			runOnlyForDeploymentPostprocessing = 0;
		};
		B6C492DD29333911E7667BFF /* Frameworks */ = {
			isa = PBXFrameworksBuildPhase;
			buildActionMask = 2147483647;
			files = (
			);
			runOnlyForDeploymentPostprocessing = 0;
		};
/* End PBXFrameworksBuildPhase section */

/* Begin PBXGroup section */
		000000000000000000000002 = {
			isa = PBXGroup;
			children = (
				000000000000000000000004 /* Stromer */,
				000000000000000000000005 /* StromerWidget */,
				000000000000000000000003 /* Products */,
				8188454EC63F2F9EEB0607FA /* Frameworks */,
				6F75DA664C25546731FD1BD0 /* StromerTests */,
			);
			sourceTree = "<group>";
		};
		000000000000000000000003 /* Products */ = {
			isa = PBXGroup;
			children = (
				10000000000000000000000B /* Stromer.app */,
				10000000000000000000000C /* StromerWidget.appex */,
				969D475A7A6BA8912B29277E /* StromerTests.xctest */,
			);
			name = Products;
			sourceTree = "<group>";
		};
		000000000000000000000004 /* Stromer */ = {
			isa = PBXGroup;
			children = (
				100000000000000000000001 /* StromerApp.swift */,
				100000000000000000000002 /* ContentView.swift */,
				000000000000000000000006 /* Views */,
				100000000000000000000003 /* Info.plist */,
				100000000000000000000004 /* Stromer.entitlements */,
				100000000000000000000005 /* Assets.xcassets */,
			);
			path = Stromer;
			sourceTree = "<group>";
		};
		000000000000000000000005 /* StromerWidget */ = {
			isa = PBXGroup;
			children = (
				100000000000000000000006 /* StromerWidgetBundle.swift */,
				100000000000000000000007 /* StromerWidget.swift */,
				100000000000000000000018 /* StromerWidgetConfigurationIntent.swift */,
				100000000000000000000008 /* StromerWidgetLiveActivity.swift */,
				100000000000000000000009 /* Info.plist */,
				10000000000000000000000A /* StromerWidget.entitlements */,
			);
			path = StromerWidget;
			sourceTree = "<group>";
		};
		000000000000000000000006 /* Views */ = {
			isa = PBXGroup;
			children = (
				000000000000000000000007 /* Root */,
				000000000000000000000008 /* DeviceList */,
				000000000000000000000009 /* DeviceDetail */,
				00000000000000000000000A /* DeviceRegistration */,
				00000000000000000000000B /* Settings */,
				00000000000000000000000C /* Components */,
				84553AD0E91CD64A4C024483 /* Onboarding */,
			);
			path = Views;
			sourceTree = "<group>";
		};
		000000000000000000000007 /* Root */ = {
			isa = PBXGroup;
			children = (
				10000000000000000000000D /* RootView.swift */,
				10000000000000000000000E /* StromerAppViewModel.swift */,
			);
			path = Root;
			sourceTree = "<group>";
		};
		000000000000000000000008 /* DeviceList */ = {
			isa = PBXGroup;
			children = (
				10000000000000000000000F /* DeviceListView.swift */,
				100000000000000000000010 /* DeviceRowView.swift */,
			);
			path = DeviceList;
			sourceTree = "<group>";
		};
		000000000000000000000009 /* DeviceDetail */ = {
			isa = PBXGroup;
			children = (
				100000000000000000000011 /* DeviceDetailView.swift */,
			);
			path = DeviceDetail;
			sourceTree = "<group>";
		};
		00000000000000000000000A /* DeviceRegistration */ = {
			isa = PBXGroup;
			children = (
				100000000000000000000012 /* AddDeviceView.swift */,
				100000000000000000000013 /* KeyInputField.swift */,
			);
			path = DeviceRegistration;
			sourceTree = "<group>";
		};
		00000000000000000000000B /* Settings */ = {
			isa = PBXGroup;
			children = (
				100000000000000000000014 /* SettingsView.swift */,
			);
			path = Settings;
			sourceTree = "<group>";
		};
		00000000000000000000000C /* Components */ = {
			isa = PBXGroup;
			children = (
				100000000000000000000015 /* FreshnessBadge.swift */,
				100000000000000000000016 /* ValueRow.swift */,
				100000000000000000000017 /* EmptyDeviceListView.swift */,
			);
			path = Components;
			sourceTree = "<group>";
		};
		6F75DA664C25546731FD1BD0 /* StromerTests */ = {
			isa = PBXGroup;
			children = (
				7DDFB4397D0034784E2DEF1B /* OnboardingStateTests.swift */,
			);
			name = StromerTests;
			path = StromerTests;
			sourceTree = "<group>";
		};
		8188454EC63F2F9EEB0607FA /* Frameworks */ = {
			isa = PBXGroup;
			children = (
			);
			name = Frameworks;
			sourceTree = "<group>";
		};
		84553AD0E91CD64A4C024483 /* Onboarding */ = {
			isa = PBXGroup;
			children = (
				941D923D1EBAD56298D15DD8 /* OnboardingFlowView.swift */,
				4C328EC667A5C6DDFEC7AD85 /* OnboardingPageView.swift */,
				7B9974DAA355C30D4F945EED /* OnboardingBluetoothPage.swift */,
				32CAF78FFB84109F050334CD /* OnboardingKeyGuideView.swift */,
				671F07405AB4D8828EE7C272 /* OnboardingState.swift */,
			);
			name = Onboarding;
			path = Onboarding;
			sourceTree = "<group>";
		};
/* End PBXGroup section */

/* Begin PBXNativeTarget section */
		300000000000000000000001 /* Stromer */ = {
			isa = PBXNativeTarget;
			buildConfigurationList = 600000000000000000000006 /* Build configuration list for PBXNativeTarget "Stromer" */;
			buildPhases = (
				400000000000000000000001 /* Sources */,
				400000000000000000000002 /* Frameworks */,
				400000000000000000000003 /* Resources */,
				400000000000000000000004 /* Embed Foundation Extensions */,
			);
			buildRules = (
			);
			dependencies = (
				500000000000000000000001 /* PBXTargetDependency */,
			);
			name = Stromer;
			packageProductDependencies = (
				800000000000000000000001 /* VictronParser */,
				800000000000000000000002 /* StromerScanner */,
			);
			productName = Stromer;
			productReference = 10000000000000000000000B /* Stromer.app */;
			productType = "com.apple.product-type.application";
		};
		300000000000000000000002 /* StromerWidget */ = {
			isa = PBXNativeTarget;
			buildConfigurationList = 600000000000000000000009 /* Build configuration list for PBXNativeTarget "StromerWidget" */;
			buildPhases = (
				400000000000000000000005 /* Sources */,
				400000000000000000000006 /* Frameworks */,
				400000000000000000000007 /* Resources */,
			);
			buildRules = (
			);
			dependencies = (
			);
			name = StromerWidget;
			packageProductDependencies = (
				800000000000000000000003 /* StromerScanner */,
			);
			productName = StromerWidget;
			productReference = 10000000000000000000000C /* StromerWidget.appex */;
			productType = "com.apple.product-type.app-extension";
		};
		3A3D6FC65A819F106726238E /* StromerTests */ = {
			isa = PBXNativeTarget;
			buildConfigurationList = BDC653ADFCC5671DCE9CCD0E /* Build configuration list for PBXNativeTarget "StromerTests" */;
			buildPhases = (
				FDD40A7CBE48DCBC805881A9 /* Sources */,
				B6C492DD29333911E7667BFF /* Frameworks */,
				AC10BA714DD2DEC9FC5614BE /* Resources */,
			);
			buildRules = (
			);
			dependencies = (
			);
			name = StromerTests;
			productName = StromerTests;
			productReference = 969D475A7A6BA8912B29277E /* StromerTests.xctest */;
			productType = "com.apple.product-type.bundle.unit-test";
		};
/* End PBXNativeTarget section */

/* Begin PBXProject section */
		000000000000000000000001 /* Project object */ = {
			isa = PBXProject;
			attributes = {
				BuildIndependentTargetsInParallel = 1;
				LastSwiftUpdateCheck = 1600;
				LastUpgradeCheck = 1600;
				TargetAttributes = {
					300000000000000000000001 = {
						CreatedOnToolsVersion = 16.0;
						SystemCapabilities = {
							com.apple.ApplicationGroups.iOS = {
								enabled = 1;
							};
							com.apple.BackgroundModes = {
								enabled = 1;
							};
							com.apple.Keychain = {
								enabled = 1;
							};
						};
					};
					300000000000000000000002 = {
						CreatedOnToolsVersion = 16.0;
						SystemCapabilities = {
							com.apple.ApplicationGroups.iOS = {
								enabled = 1;
							};
						};
					};
				};
			};
			buildConfigurationList = 600000000000000000000003 /* Build configuration list for PBXProject "Stromer" */;
			compatibilityVersion = "Xcode 14.0";
			developmentRegion = en;
			hasScannedForEncodings = 0;
			knownRegions = (
				en,
				Base,
			);
			mainGroup = 000000000000000000000002;
			packageReferences = (
				700000000000000000000001 /* XCLocalSwiftPackageReference "VictronParser" */,
				700000000000000000000002 /* XCLocalSwiftPackageReference "StromerScanner" */,
			);
			productRefGroup = 000000000000000000000003 /* Products */;
			projectDirPath = "";
			projectRoot = "";
			targets = (
				300000000000000000000001 /* Stromer */,
				300000000000000000000002 /* StromerWidget */,
				3A3D6FC65A819F106726238E /* StromerTests */,
			);
		};
/* End PBXProject section */

/* Begin PBXResourcesBuildPhase section */
		400000000000000000000003 /* Resources */ = {
			isa = PBXResourcesBuildPhase;
			buildActionMask = 2147483647;
			files = (
				200000000000000000000009 /* Assets.xcassets in Resources */,
			);
			runOnlyForDeploymentPostprocessing = 0;
		};
		400000000000000000000007 /* Resources */ = {
			isa = PBXResourcesBuildPhase;
			buildActionMask = 2147483647;
			files = (
			);
			runOnlyForDeploymentPostprocessing = 0;
		};
		AC10BA714DD2DEC9FC5614BE /* Resources */ = {
			isa = PBXResourcesBuildPhase;
			buildActionMask = 2147483647;
			files = (
			);
			runOnlyForDeploymentPostprocessing = 0;
		};
/* End PBXResourcesBuildPhase section */

/* Begin PBXSourcesBuildPhase section */
		400000000000000000000001 /* Sources */ = {
			isa = PBXSourcesBuildPhase;
			buildActionMask = 2147483647;
			files = (
				200000000000000000000004 /* StromerApp.swift in Sources */,
				200000000000000000000005 /* ContentView.swift in Sources */,
				20000000000000000000000B /* RootView.swift in Sources */,
				20000000000000000000000C /* StromerAppViewModel.swift in Sources */,
				20000000000000000000000D /* DeviceListView.swift in Sources */,
				20000000000000000000000E /* DeviceRowView.swift in Sources */,
				20000000000000000000000F /* DeviceDetailView.swift in Sources */,
				200000000000000000000010 /* AddDeviceView.swift in Sources */,
				200000000000000000000011 /* KeyInputField.swift in Sources */,
				200000000000000000000012 /* SettingsView.swift in Sources */,
				200000000000000000000013 /* FreshnessBadge.swift in Sources */,
				200000000000000000000014 /* ValueRow.swift in Sources */,
				200000000000000000000015 /* EmptyDeviceListView.swift in Sources */,
				FDA54A3E3832AB816773191E /* OnboardingFlowView.swift in Sources */,
				15D61745C661404443ADCB4F /* OnboardingPageView.swift in Sources */,
				AAF81BD3B440D4ECEF94F53F /* OnboardingBluetoothPage.swift in Sources */,
				C598E21F6A907BB1A1BEAFFA /* OnboardingKeyGuideView.swift in Sources */,
				BB3C153B8C242DEFA8C726D8 /* OnboardingState.swift in Sources */,
			);
			runOnlyForDeploymentPostprocessing = 0;
		};
		400000000000000000000005 /* Sources */ = {
			isa = PBXSourcesBuildPhase;
			buildActionMask = 2147483647;
			files = (
				200000000000000000000006 /* StromerWidgetBundle.swift in Sources */,
				200000000000000000000007 /* StromerWidget.swift in Sources */,
				200000000000000000000016 /* StromerWidgetConfigurationIntent.swift in Sources */,
				200000000000000000000008 /* StromerWidgetLiveActivity.swift in Sources */,
			);
			runOnlyForDeploymentPostprocessing = 0;
		};
		FDD40A7CBE48DCBC805881A9 /* Sources */ = {
			isa = PBXSourcesBuildPhase;
			buildActionMask = 2147483647;
			files = (
				243F499BED506947D34B2B17 /* OnboardingStateTests.swift in Sources */,
				A0B6896F2FDAA041290684E0 /* OnboardingState.swift in Sources */,
			);
			runOnlyForDeploymentPostprocessing = 0;
		};
/* End PBXSourcesBuildPhase section */

/* Begin PBXTargetDependency section */
		500000000000000000000001 /* PBXTargetDependency */ = {
			isa = PBXTargetDependency;
			target = 300000000000000000000002 /* StromerWidget */;
			targetProxy = 500000000000000000000002 /* PBXContainerItemProxy */;
		};
/* End PBXTargetDependency section */

/* Begin XCBuildConfiguration section */
		21D44D465B7B516D8D527C97 /* Debug */ = {
			isa = XCBuildConfiguration;
			buildSettings = {
				CLANG_ENABLE_OBJC_WEAK = NO;
				CODE_SIGN_IDENTITY = "Apple Development";
				CODE_SIGN_STYLE = Automatic;
				DEVELOPMENT_TEAM = 4MF278NA29;
				GENERATE_INFOPLIST_FILE = YES;
				IPHONEOS_DEPLOYMENT_TARGET = 17.0;
				PRODUCT_BUNDLE_IDENTIFIER = com.lanicode.StromerApp.Tests;
				PRODUCT_NAME = "$(TARGET_NAME)";
				SDKROOT = iphoneos;
				SUPPORTED_PLATFORMS = "iphoneos iphonesimulator";
				SWIFT_STRICT_CONCURRENCY = targeted;
				SWIFT_VERSION = 5.9;
				TARGETED_DEVICE_FAMILY = "1,2";
			};
			name = Debug;
		};
		600000000000000000000001 /* Debug */ = {
			isa = XCBuildConfiguration;
			buildSettings = {
				ALWAYS_SEARCH_USER_PATHS = NO;
				CLANG_ANALYZER_NONNULL = YES;
				CLANG_ANALYZER_NUMBER_OBJECT_CONVERSION = YES_AGGRESSIVE;
				CLANG_CXX_LANGUAGE_STANDARD = "gnu++20";
				CLANG_ENABLE_MODULES = YES;
				CLANG_ENABLE_OBJC_ARC = YES;
				CLANG_ENABLE_OBJC_WEAK = YES;
				CLANG_WARN_BLOCK_CAPTURE_AUTORELEASING = YES;
				CLANG_WARN_BOOL_CONVERSION = YES;
				CLANG_WARN_COMMA = YES;
				CLANG_WARN_CONSTANT_CONVERSION = YES;
				CLANG_WARN_DEPRECATED_OBJC_IMPLEMENTATIONS = YES;
				CLANG_WARN_DIRECT_OBJC_ISA_USAGE = YES_ERROR;
				CLANG_WARN_DOCUMENTATION_COMMENTS = YES;
				CLANG_WARN_EMPTY_BODY = YES;
				CLANG_WARN_ENUM_CONVERSION = YES;
				CLANG_WARN_INFINITE_RECURSION = YES;
				CLANG_WARN_INT_CONVERSION = YES;
				CLANG_WARN_NON_LITERAL_NULL_CONVERSION = YES;
				CLANG_WARN_OBJC_IMPLICIT_RETAIN_SELF = YES;
				CLANG_WARN_OBJC_LITERAL_CONVERSION = YES;
				CLANG_WARN_OBJC_ROOT_CLASS = YES_ERROR;
				CLANG_WARN_QUOTED_INCLUDE_IN_FRAMEWORK_HEADER = YES;
				CLANG_WARN_RANGE_LOOP_ANALYSIS = YES;
				CLANG_WARN_STRICT_PROTOTYPES = YES;
				CLANG_WARN_SUSPICIOUS_MOVE = YES;
				CLANG_WARN_UNGUARDED_AVAILABILITY = YES_AGGRESSIVE;
				CLANG_WARN_UNREACHABLE_CODE = YES;
				CLANG_WARN__DUPLICATE_METHOD_MATCH = YES;
				COPY_PHASE_STRIP = NO;
				DEBUG_INFORMATION_FORMAT = dwarf;
				ENABLE_STRICT_OBJC_MSGSEND = YES;
				ENABLE_TESTABILITY = YES;
				ENABLE_USER_SCRIPT_SANDBOXING = YES;
				GCC_C_LANGUAGE_STANDARD = gnu17;
				GCC_DYNAMIC_NO_PIC = NO;
				GCC_NO_COMMON_BLOCKS = YES;
				GCC_OPTIMIZATION_LEVEL = 0;
				GCC_PREPROCESSOR_DEFINITIONS = (
					"DEBUG=1",
					"$(inherited)",
				);
				GCC_WARN_64_TO_32_BIT_CONVERSION = YES;
				GCC_WARN_ABOUT_RETURN_TYPE = YES_ERROR;
				GCC_WARN_UNDECLARED_SELECTOR = YES;
				GCC_WARN_UNINITIALIZED_AUTOS = YES_AGGRESSIVE;
				GCC_WARN_UNUSED_FUNCTION = YES;
				GCC_WARN_UNUSED_VARIABLE = YES;
				IPHONEOS_DEPLOYMENT_TARGET = 17.0;
				MTL_ENABLE_DEBUG_INFO = INCLUDE_SOURCE;
				MTL_FAST_MATH = YES;
				ONLY_ACTIVE_ARCH = YES;
				SDKROOT = iphoneos;
				SWIFT_ACTIVE_COMPILATION_CONDITIONS = DEBUG;
				SWIFT_OPTIMIZATION_LEVEL = "-Onone";
				SWIFT_STRICT_CONCURRENCY = targeted;
				SWIFT_VERSION = 5.9;
			};
			name = Debug;
		};
		600000000000000000000002 /* Release */ = {
			isa = XCBuildConfiguration;
			buildSettings = {
				ALWAYS_SEARCH_USER_PATHS = NO;
				CLANG_ANALYZER_NONNULL = YES;
				CLANG_ANALYZER_NUMBER_OBJECT_CONVERSION = YES_AGGRESSIVE;
				CLANG_CXX_LANGUAGE_STANDARD = "gnu++20";
				CLANG_ENABLE_MODULES = YES;
				CLANG_ENABLE_OBJC_ARC = YES;
				CLANG_ENABLE_OBJC_WEAK = YES;
				CLANG_WARN_BLOCK_CAPTURE_AUTORELEASING = YES;
				CLANG_WARN_BOOL_CONVERSION = YES;
				CLANG_WARN_COMMA = YES;
				CLANG_WARN_CONSTANT_CONVERSION = YES;
				CLANG_WARN_DEPRECATED_OBJC_IMPLEMENTATIONS = YES;
				CLANG_WARN_DIRECT_OBJC_ISA_USAGE = YES_ERROR;
				CLANG_WARN_DOCUMENTATION_COMMENTS = YES;
				CLANG_WARN_EMPTY_BODY = YES;
				CLANG_WARN_ENUM_CONVERSION = YES;
				CLANG_WARN_INFINITE_RECURSION = YES;
				CLANG_WARN_INT_CONVERSION = YES;
				CLANG_WARN_NON_LITERAL_NULL_CONVERSION = YES;
				CLANG_WARN_OBJC_IMPLICIT_RETAIN_SELF = YES;
				CLANG_WARN_OBJC_LITERAL_CONVERSION = YES;
				CLANG_WARN_OBJC_ROOT_CLASS = YES_ERROR;
				CLANG_WARN_QUOTED_INCLUDE_IN_FRAMEWORK_HEADER = YES;
				CLANG_WARN_RANGE_LOOP_ANALYSIS = YES;
				CLANG_WARN_STRICT_PROTOTYPES = YES;
				CLANG_WARN_SUSPICIOUS_MOVE = YES;
				CLANG_WARN_UNGUARDED_AVAILABILITY = YES_AGGRESSIVE;
				CLANG_WARN_UNREACHABLE_CODE = YES;
				CLANG_WARN__DUPLICATE_METHOD_MATCH = YES;
				COPY_PHASE_STRIP = NO;
				DEBUG_INFORMATION_FORMAT = "dwarf-with-dsym";
				ENABLE_NS_ASSERTIONS = NO;
				ENABLE_STRICT_OBJC_MSGSEND = YES;
				ENABLE_USER_SCRIPT_SANDBOXING = YES;
				GCC_C_LANGUAGE_STANDARD = gnu17;
				GCC_NO_COMMON_BLOCKS = YES;
				GCC_WARN_64_TO_32_BIT_CONVERSION = YES;
				GCC_WARN_ABOUT_RETURN_TYPE = YES_ERROR;
				GCC_WARN_UNDECLARED_SELECTOR = YES;
				GCC_WARN_UNINITIALIZED_AUTOS = YES_AGGRESSIVE;
				GCC_WARN_UNUSED_FUNCTION = YES;
				GCC_WARN_UNUSED_VARIABLE = YES;
				IPHONEOS_DEPLOYMENT_TARGET = 17.0;
				MTL_ENABLE_DEBUG_INFO = NO;
				MTL_FAST_MATH = YES;
				SDKROOT = iphoneos;
				SWIFT_COMPILATION_MODE = wholemodule;
				SWIFT_OPTIMIZATION_LEVEL = "-O";
				SWIFT_STRICT_CONCURRENCY = targeted;
				SWIFT_VERSION = 5.9;
				VALIDATE_PRODUCT = YES;
			};
			name = Release;
		};
		600000000000000000000004 /* Debug */ = {
			isa = XCBuildConfiguration;
			buildSettings = {
				ASSETCATALOG_COMPILER_APPICON_NAME = AppIcon;
				ASSETCATALOG_COMPILER_GLOBAL_ACCENT_COLOR_NAME = AccentColor;
				CODE_SIGN_ENTITLEMENTS = Stromer/Stromer.entitlements;
				CODE_SIGN_IDENTITY = "Apple Development";
				CODE_SIGN_STYLE = Automatic;
				CURRENT_PROJECT_VERSION = 1;
				DEVELOPMENT_TEAM = 4MF278NA29;
				ENABLE_USER_SCRIPT_SANDBOXING = YES;
				GENERATE_INFOPLIST_FILE = NO;
				INFOPLIST_FILE = Stromer/Info.plist;
				IPHONEOS_DEPLOYMENT_TARGET = 17.0;
				LD_RUNPATH_SEARCH_PATHS = (
					"$(inherited)",
					"@executable_path/Frameworks",
				);
				MARKETING_VERSION = 1.0;
				PRODUCT_BUNDLE_IDENTIFIER = com.lanicode.StromerApp;
				PRODUCT_NAME = "$(TARGET_NAME)";
				SUPPORTED_PLATFORMS = "iphoneos iphonesimulator";
				SUPPORTS_MACCATALYST = NO;
				SWIFT_STRICT_CONCURRENCY = targeted;
				SWIFT_VERSION = 5.9;
				TARGETED_DEVICE_FAMILY = "1,2";
			};
			name = Debug;
		};
		600000000000000000000005 /* Release */ = {
			isa = XCBuildConfiguration;
			buildSettings = {
				ASSETCATALOG_COMPILER_APPICON_NAME = AppIcon;
				ASSETCATALOG_COMPILER_GLOBAL_ACCENT_COLOR_NAME = AccentColor;
				CODE_SIGN_ENTITLEMENTS = Stromer/Stromer.entitlements;
				CODE_SIGN_IDENTITY = "Apple Development";
				CODE_SIGN_STYLE = Automatic;
				CURRENT_PROJECT_VERSION = 1;
				DEVELOPMENT_TEAM = 4MF278NA29;
				ENABLE_USER_SCRIPT_SANDBOXING = YES;
				GENERATE_INFOPLIST_FILE = NO;
				INFOPLIST_FILE = Stromer/Info.plist;
				IPHONEOS_DEPLOYMENT_TARGET = 17.0;
				LD_RUNPATH_SEARCH_PATHS = (
					"$(inherited)",
					"@executable_path/Frameworks",
				);
				MARKETING_VERSION = 1.0;
				PRODUCT_BUNDLE_IDENTIFIER = com.lanicode.StromerApp;
				PRODUCT_NAME = "$(TARGET_NAME)";
				SUPPORTED_PLATFORMS = "iphoneos iphonesimulator";
				SUPPORTS_MACCATALYST = NO;
				SWIFT_STRICT_CONCURRENCY = targeted;
				SWIFT_VERSION = 5.9;
				TARGETED_DEVICE_FAMILY = "1,2";
			};
			name = Release;
		};
		600000000000000000000007 /* Debug */ = {
			isa = XCBuildConfiguration;
			buildSettings = {
				APPLICATION_EXTENSION_API_ONLY = YES;
				CODE_SIGN_ENTITLEMENTS = StromerWidget/StromerWidget.entitlements;
				CODE_SIGN_IDENTITY = "Apple Development";
				CODE_SIGN_STYLE = Automatic;
				CURRENT_PROJECT_VERSION = 1;
				DEVELOPMENT_TEAM = 4MF278NA29;
				ENABLE_DEBUG_DYLIB = NO;
				ENABLE_USER_SCRIPT_SANDBOXING = YES;
				GENERATE_INFOPLIST_FILE = NO;
				INFOPLIST_FILE = StromerWidget/Info.plist;
				IPHONEOS_DEPLOYMENT_TARGET = 17.0;
				LD_RUNPATH_SEARCH_PATHS = (
					"$(inherited)",
					"@executable_path/Frameworks",
					"@executable_path/../../Frameworks",
				);
				MARKETING_VERSION = 1.0;
				PRODUCT_BUNDLE_IDENTIFIER = com.lanicode.StromerApp.WidgetExtension;
				PRODUCT_NAME = "$(TARGET_NAME)";
				SKIP_INSTALL = YES;
				SUPPORTED_PLATFORMS = "iphoneos iphonesimulator";
				SUPPORTS_MACCATALYST = NO;
				SWIFT_STRICT_CONCURRENCY = targeted;
				SWIFT_VERSION = 5.9;
				TARGETED_DEVICE_FAMILY = "1,2";
			};
			name = Debug;
		};
		600000000000000000000008 /* Release */ = {
			isa = XCBuildConfiguration;
			buildSettings = {
				APPLICATION_EXTENSION_API_ONLY = YES;
				CODE_SIGN_ENTITLEMENTS = StromerWidget/StromerWidget.entitlements;
				CODE_SIGN_IDENTITY = "Apple Development";
				CODE_SIGN_STYLE = Automatic;
				CURRENT_PROJECT_VERSION = 1;
				DEVELOPMENT_TEAM = 4MF278NA29;
				ENABLE_DEBUG_DYLIB = NO;
				ENABLE_USER_SCRIPT_SANDBOXING = YES;
				GENERATE_INFOPLIST_FILE = NO;
				INFOPLIST_FILE = StromerWidget/Info.plist;
				IPHONEOS_DEPLOYMENT_TARGET = 17.0;
				LD_RUNPATH_SEARCH_PATHS = (
					"$(inherited)",
					"@executable_path/Frameworks",
					"@executable_path/../../Frameworks",
				);
				MARKETING_VERSION = 1.0;
				PRODUCT_BUNDLE_IDENTIFIER = com.lanicode.StromerApp.WidgetExtension;
				PRODUCT_NAME = "$(TARGET_NAME)";
				SKIP_INSTALL = YES;
				SUPPORTED_PLATFORMS = "iphoneos iphonesimulator";
				SUPPORTS_MACCATALYST = NO;
				SWIFT_STRICT_CONCURRENCY = targeted;
				SWIFT_VERSION = 5.9;
				TARGETED_DEVICE_FAMILY = "1,2";
			};
			name = Release;
		};
		6E09258852628A9DEA77F2EE /* Release */ = {
			isa = XCBuildConfiguration;
			buildSettings = {
				CLANG_ENABLE_OBJC_WEAK = NO;
				CODE_SIGN_IDENTITY = "Apple Development";
				CODE_SIGN_STYLE = Automatic;
				DEVELOPMENT_TEAM = 4MF278NA29;
				GENERATE_INFOPLIST_FILE = YES;
				IPHONEOS_DEPLOYMENT_TARGET = 17.0;
				PRODUCT_BUNDLE_IDENTIFIER = com.lanicode.StromerApp.Tests;
				PRODUCT_NAME = "$(TARGET_NAME)";
				SDKROOT = iphoneos;
				SUPPORTED_PLATFORMS = "iphoneos iphonesimulator";
				SWIFT_STRICT_CONCURRENCY = targeted;
				SWIFT_VERSION = 5.9;
				TARGETED_DEVICE_FAMILY = "1,2";
				VALIDATE_PRODUCT = YES;
			};
			name = Release;
		};
/* End XCBuildConfiguration section */

/* Begin XCConfigurationList section */
		600000000000000000000003 /* Build configuration list for PBXProject "Stromer" */ = {
			isa = XCConfigurationList;
			buildConfigurations = (
				600000000000000000000001 /* Debug */,
				600000000000000000000002 /* Release */,
			);
			defaultConfigurationIsVisible = 0;
			defaultConfigurationName = Release;
		};
		600000000000000000000006 /* Build configuration list for PBXNativeTarget "Stromer" */ = {
			isa = XCConfigurationList;
			buildConfigurations = (
				600000000000000000000004 /* Debug */,
				600000000000000000000005 /* Release */,
			);
			defaultConfigurationIsVisible = 0;
			defaultConfigurationName = Release;
		};
		600000000000000000000009 /* Build configuration list for PBXNativeTarget "StromerWidget" */ = {
			isa = XCConfigurationList;
			buildConfigurations = (
				600000000000000000000007 /* Debug */,
				600000000000000000000008 /* Release */,
			);
			defaultConfigurationIsVisible = 0;
			defaultConfigurationName = Release;
		};
		BDC653ADFCC5671DCE9CCD0E /* Build configuration list for PBXNativeTarget "StromerTests" */ = {
			isa = XCConfigurationList;
			buildConfigurations = (
				6E09258852628A9DEA77F2EE /* Release */,
				21D44D465B7B516D8D527C97 /* Debug */,
			);
			defaultConfigurationIsVisible = 0;
			defaultConfigurationName = Release;
		};
/* End XCConfigurationList section */

/* Begin XCLocalSwiftPackageReference section */
		700000000000000000000001 /* XCLocalSwiftPackageReference "VictronParser" */ = {
			isa = XCLocalSwiftPackageReference;
			relativePath = Packages/VictronParser;
		};
		700000000000000000000002 /* XCLocalSwiftPackageReference "StromerScanner" */ = {
			isa = XCLocalSwiftPackageReference;
			relativePath = Packages/StromerScanner;
		};
/* End XCLocalSwiftPackageReference section */

/* Begin XCSwiftPackageProductDependency section */
		800000000000000000000001 /* VictronParser */ = {
			isa = XCSwiftPackageProductDependency;
			package = 700000000000000000000001 /* XCLocalSwiftPackageReference "VictronParser" */;
			productName = VictronParser;
		};
		800000000000000000000002 /* StromerScanner */ = {
			isa = XCSwiftPackageProductDependency;
			package = 700000000000000000000002 /* XCLocalSwiftPackageReference "StromerScanner" */;
			productName = StromerScanner;
		};
		800000000000000000000003 /* StromerScanner */ = {
			isa = XCSwiftPackageProductDependency;
			package = 700000000000000000000002 /* XCLocalSwiftPackageReference "StromerScanner" */;
			productName = StromerScanner;
		};
/* End XCSwiftPackageProductDependency section */
	};
	rootObject = 000000000000000000000001 /* Project object */;
}
